// !$*UTF8*$!
{
	archiveVersion = 1;
	classes = {
	};
	objectVersion = 56;
	objects = {

/* Begin PBXBuildFile section */
		7D7919392A4536540080FA7C /* EDTSEventPlannerApp.swift in Sources */ = {isa = PBXBuildFile; fileRef = 7D7919382A4536540080FA7C /* EDTSEventPlannerApp.swift */; };
		7D79193B2A4536540080FA7C /* ContentView.swift in Sources */ = {isa = PBXBuildFile; fileRef = 7D79193A2A4536540080FA7C /* ContentView.swift */; };
		7D79193D2A4536560080FA7C /* Assets.xcassets in Resources */ = {isa = PBXBuildFile; fileRef = 7D79193C2A4536560080FA7C /* Assets.xcassets */; };
		7D7919402A4536560080FA7C /* Preview Assets.xcassets in Resources */ = {isa = PBXBuildFile; fileRef = 7D79193F2A4536560080FA7C /* Preview Assets.xcassets */; };
		7D79194A2A4536560080FA7C /* EDTSEventPlannerTests.swift in Sources */ = {isa = PBXBuildFile; fileRef = 7D7919492A4536560080FA7C /* EDTSEventPlannerTests.swift */; };
		7D7919542A4536560080FA7C /* EDTSEventPlannerUITests.swift in Sources */ = {isa = PBXBuildFile; fileRef = 7D7919532A4536560080FA7C /* EDTSEventPlannerUITests.swift */; };
		7D7919562A4536560080FA7C /* EDTSEventPlannerUITestsLaunchTests.swift in Sources */ = {isa = PBXBuildFile; fileRef = 7D7919552A4536560080FA7C /* EDTSEventPlannerUITestsLaunchTests.swift */; };
		7D79196B2A4538420080FA7C /* LoginView.swift in Sources */ = {isa = PBXBuildFile; fileRef = 7D79196A2A4538420080FA7C /* LoginView.swift */; };
		7D79196E2A453C4D0080FA7C /* String.swift in Sources */ = {isa = PBXBuildFile; fileRef = 7D79196D2A453C4D0080FA7C /* String.swift */; };
		7D7919702A45400F0080FA7C /* RegisterView.swift in Sources */ = {isa = PBXBuildFile; fileRef = 7D79196F2A45400F0080FA7C /* RegisterView.swift */; };
		7D7919722A4540BB0080FA7C /* AuthView.swift in Sources */ = {isa = PBXBuildFile; fileRef = 7D7919712A4540BB0080FA7C /* AuthView.swift */; };
		7D7919742A4545BD0080FA7C /* GoogleService-Info.plist in Resources */ = {isa = PBXBuildFile; fileRef = 7D7919732A4545BD0080FA7C /* GoogleService-Info.plist */; };
		7D7919772A45471D0080FA7C /* FirebaseAuth in Frameworks */ = {isa = PBXBuildFile; productRef = 7D7919762A45471D0080FA7C /* FirebaseAuth */; };
		7D7919792A45471D0080FA7C /* FirebaseFirestore in Frameworks */ = {isa = PBXBuildFile; productRef = 7D7919782A45471D0080FA7C /* FirebaseFirestore */; };
		7D79197D2A4552710080FA7C /* ProfileView.swift in Sources */ = {isa = PBXBuildFile; fileRef = 7D79197C2A4552710080FA7C /* ProfileView.swift */; };
		7D7919802A45554F0080FA7C /* HomeView.swift in Sources */ = {isa = PBXBuildFile; fileRef = 7D79197F2A45554F0080FA7C /* HomeView.swift */; };
		7D7919862A4558170080FA7C /* EventViewModel.swift in Sources */ = {isa = PBXBuildFile; fileRef = 7D7919852A4558170080FA7C /* EventViewModel.swift */; };
		7D7919882A4559460080FA7C /* EventCardView.swift in Sources */ = {isa = PBXBuildFile; fileRef = 7D7919872A4559460080FA7C /* EventCardView.swift */; };
		7D79198B2A455FAD0080FA7C /* EventsContainer.xcdatamodeld in Sources */ = {isa = PBXBuildFile; fileRef = 7D7919892A455FAD0080FA7C /* EventsContainer.xcdatamodeld */; };
		7D79198D2A45645F0080FA7C /* CreateEventView.swift in Sources */ = {isa = PBXBuildFile; fileRef = 7D79198C2A45645F0080FA7C /* CreateEventView.swift */; };
		7D79198F2A4564B20080FA7C /* ImagePickerView.swift in Sources */ = {isa = PBXBuildFile; fileRef = 7D79198E2A4564B20080FA7C /* ImagePickerView.swift */; };
		7DABCDFC2A45ADAB001D58ED /* PullDownView.swift in Sources */ = {isa = PBXBuildFile; fileRef = 7DABCDFB2A45ADAB001D58ED /* PullDownView.swift */; };
		7DBF0B692A46954800512840 /* Localizable.strings in Resources */ = {isa = PBXBuildFile; fileRef = 7DBF0B6B2A46954800512840 /* Localizable.strings */; };
		7DBF0B6E2A46969200512840 /* LanguageViewModel.swift in Sources */ = {isa = PBXBuildFile; fileRef = 7DBF0B6D2A46969200512840 /* LanguageViewModel.swift */; };
		7DBF0B712A469D1400512840 /* Language.swift in Sources */ = {isa = PBXBuildFile; fileRef = 7DBF0B702A469D1400512840 /* Language.swift */; };
		7DBF0B732A46CD5F00512840 /* Color.swift in Sources */ = {isa = PBXBuildFile; fileRef = 7DBF0B722A46CD5F00512840 /* Color.swift */; };
		7DBF0B772A4744A300512840 /* AuthViewModel.swift in Sources */ = {isa = PBXBuildFile; fileRef = 7DBF0B762A4744A300512840 /* AuthViewModel.swift */; };
/* End PBXBuildFile section */

/* Begin PBXContainerItemProxy section */
		7D7919462A4536560080FA7C /* PBXContainerItemProxy */ = {
			isa = PBXContainerItemProxy;
			containerPortal = 7D79192D2A4536540080FA7C /* Project object */;
			proxyType = 1;
			remoteGlobalIDString = 7D7919342A4536540080FA7C;
			remoteInfo = EDTSEventPlanner;
		};
		7D7919502A4536560080FA7C /* PBXContainerItemProxy */ = {
			isa = PBXContainerItemProxy;
			containerPortal = 7D79192D2A4536540080FA7C /* Project object */;
			proxyType = 1;
			remoteGlobalIDString = 7D7919342A4536540080FA7C;
			remoteInfo = EDTSEventPlanner;
		};
/* End PBXContainerItemProxy section */

/* Begin PBXFileReference section */
		7D7919352A4536540080FA7C /* EDTSEventPlanner.app */ = {isa = PBXFileReference; explicitFileType = wrapper.application; includeInIndex = 0; path = EDTSEventPlanner.app; sourceTree = BUILT_PRODUCTS_DIR; };
		7D7919382A4536540080FA7C /* EDTSEventPlannerApp.swift */ = {isa = PBXFileReference; lastKnownFileType = sourcecode.swift; path = EDTSEventPlannerApp.swift; sourceTree = "<group>"; };
		7D79193A2A4536540080FA7C /* ContentView.swift */ = {isa = PBXFileReference; lastKnownFileType = sourcecode.swift; path = ContentView.swift; sourceTree = "<group>"; };
		7D79193C2A4536560080FA7C /* Assets.xcassets */ = {isa = PBXFileReference; lastKnownFileType = folder.assetcatalog; path = Assets.xcassets; sourceTree = "<group>"; };
		7D79193F2A4536560080FA7C /* Preview Assets.xcassets */ = {isa = PBXFileReference; lastKnownFileType = folder.assetcatalog; path = "Preview Assets.xcassets"; sourceTree = "<group>"; };
		7D7919452A4536560080FA7C /* EDTSEventPlannerTests.xctest */ = {isa = PBXFileReference; explicitFileType = wrapper.cfbundle; includeInIndex = 0; path = EDTSEventPlannerTests.xctest; sourceTree = BUILT_PRODUCTS_DIR; };
		7D7919492A4536560080FA7C /* EDTSEventPlannerTests.swift */ = {isa = PBXFileReference; lastKnownFileType = sourcecode.swift; path = EDTSEventPlannerTests.swift; sourceTree = "<group>"; };
		7D79194F2A4536560080FA7C /* EDTSEventPlannerUITests.xctest */ = {isa = PBXFileReference; explicitFileType = wrapper.cfbundle; includeInIndex = 0; path = EDTSEventPlannerUITests.xctest; sourceTree = BUILT_PRODUCTS_DIR; };
		7D7919532A4536560080FA7C /* EDTSEventPlannerUITests.swift */ = {isa = PBXFileReference; lastKnownFileType = sourcecode.swift; path = EDTSEventPlannerUITests.swift; sourceTree = "<group>"; };
		7D7919552A4536560080FA7C /* EDTSEventPlannerUITestsLaunchTests.swift */ = {isa = PBXFileReference; lastKnownFileType = sourcecode.swift; path = EDTSEventPlannerUITestsLaunchTests.swift; sourceTree = "<group>"; };
		7D79196A2A4538420080FA7C /* LoginView.swift */ = {isa = PBXFileReference; lastKnownFileType = sourcecode.swift; path = LoginView.swift; sourceTree = "<group>"; };
		7D79196D2A453C4D0080FA7C /* String.swift */ = {isa = PBXFileReference; lastKnownFileType = sourcecode.swift; path = String.swift; sourceTree = "<group>"; };
		7D79196F2A45400F0080FA7C /* RegisterView.swift */ = {isa = PBXFileReference; lastKnownFileType = sourcecode.swift; path = RegisterView.swift; sourceTree = "<group>"; };
		7D7919712A4540BB0080FA7C /* AuthView.swift */ = {isa = PBXFileReference; lastKnownFileType = sourcecode.swift; path = AuthView.swift; sourceTree = "<group>"; };
		7D7919732A4545BD0080FA7C /* GoogleService-Info.plist */ = {isa = PBXFileReference; fileEncoding = 4; lastKnownFileType = text.plist.xml; name = "GoogleService-Info.plist"; path = "../../../../Downloads/GoogleService-Info.plist"; sourceTree = "<group>"; };
		7D79197C2A4552710080FA7C /* ProfileView.swift */ = {isa = PBXFileReference; lastKnownFileType = sourcecode.swift; path = ProfileView.swift; sourceTree = "<group>"; };
		7D79197F2A45554F0080FA7C /* HomeView.swift */ = {isa = PBXFileReference; lastKnownFileType = sourcecode.swift; path = HomeView.swift; sourceTree = "<group>"; };
		7D7919852A4558170080FA7C /* EventViewModel.swift */ = {isa = PBXFileReference; lastKnownFileType = sourcecode.swift; path = EventViewModel.swift; sourceTree = "<group>"; };
		7D7919872A4559460080FA7C /* EventCardView.swift */ = {isa = PBXFileReference; lastKnownFileType = sourcecode.swift; path = EventCardView.swift; sourceTree = "<group>"; };
		7D79198A2A455FAD0080FA7C /* EventsContainer.xcdatamodel */ = {isa = PBXFileReference; lastKnownFileType = wrapper.xcdatamodel; path = EventsContainer.xcdatamodel; sourceTree = "<group>"; };
		7D79198C2A45645F0080FA7C /* CreateEventView.swift */ = {isa = PBXFileReference; lastKnownFileType = sourcecode.swift; path = CreateEventView.swift; sourceTree = "<group>"; };
		7D79198E2A4564B20080FA7C /* ImagePickerView.swift */ = {isa = PBXFileReference; lastKnownFileType = sourcecode.swift; path = ImagePickerView.swift; sourceTree = "<group>"; };
		7DABCDFB2A45ADAB001D58ED /* PullDownView.swift */ = {isa = PBXFileReference; lastKnownFileType = sourcecode.swift; path = PullDownView.swift; sourceTree = "<group>"; };
		7DBF0B6A2A46954800512840 /* en */ = {isa = PBXFileReference; lastKnownFileType = text.plist.strings; name = en; path = en.lproj/Localizable.strings; sourceTree = "<group>"; };
		7DBF0B6C2A46956600512840 /* id */ = {isa = PBXFileReference; lastKnownFileType = text.plist.strings; name = id; path = id.lproj/Localizable.strings; sourceTree = "<group>"; };
		7DBF0B6D2A46969200512840 /* LanguageViewModel.swift */ = {isa = PBXFileReference; lastKnownFileType = sourcecode.swift; path = LanguageViewModel.swift; sourceTree = "<group>"; };
		7DBF0B702A469D1400512840 /* Language.swift */ = {isa = PBXFileReference; lastKnownFileType = sourcecode.swift; path = Language.swift; sourceTree = "<group>"; };
		7DBF0B722A46CD5F00512840 /* Color.swift */ = {isa = PBXFileReference; lastKnownFileType = sourcecode.swift; path = Color.swift; sourceTree = "<group>"; };
		7DBF0B762A4744A300512840 /* AuthViewModel.swift */ = {isa = PBXFileReference; lastKnownFileType = sourcecode.swift; path = AuthViewModel.swift; sourceTree = "<group>"; };
/* End PBXFileReference section */

/* Begin PBXFrameworksBuildPhase section */
		7D7919322A4536540080FA7C /* Frameworks */ = {
			isa = PBXFrameworksBuildPhase;
			buildActionMask = 2147483647;
			files = (
				7D7919772A45471D0080FA7C /* FirebaseAuth in Frameworks */,
				7D7919792A45471D0080FA7C /* FirebaseFirestore in Frameworks */,
			);
			runOnlyForDeploymentPostprocessing = 0;
		};
		7D7919422A4536560080FA7C /* Frameworks */ = {
			isa = PBXFrameworksBuildPhase;
			buildActionMask = 2147483647;
			files = (
			);
			runOnlyForDeploymentPostprocessing = 0;
		};
		7D79194C2A4536560080FA7C /* Frameworks */ = {
			isa = PBXFrameworksBuildPhase;
			buildActionMask = 2147483647;
			files = (
			);
			runOnlyForDeploymentPostprocessing = 0;
		};
/* End PBXFrameworksBuildPhase section */

/* Begin PBXGroup section */
		7D79192C2A4536540080FA7C = {
			isa = PBXGroup;
			children = (
				7D7919372A4536540080FA7C /* EDTSEventPlanner */,
				7D7919482A4536560080FA7C /* EDTSEventPlannerTests */,
				7D7919522A4536560080FA7C /* EDTSEventPlannerUITests */,
				7D7919362A4536540080FA7C /* Products */,
			);
			sourceTree = "<group>";
		};
		7D7919362A4536540080FA7C /* Products */ = {
			isa = PBXGroup;
			children = (
				7D7919352A4536540080FA7C /* EDTSEventPlanner.app */,
				7D7919452A4536560080FA7C /* EDTSEventPlannerTests.xctest */,
				7D79194F2A4536560080FA7C /* EDTSEventPlannerUITests.xctest */,
			);
			name = Products;
			sourceTree = "<group>";
		};
		7D7919372A4536540080FA7C /* EDTSEventPlanner */ = {
			isa = PBXGroup;
			children = (
				7DBF0B6F2A469D0700512840 /* Enum */,
				7DBF0B662A4694F300512840 /* Accesibility */,
				7D7919732A4545BD0080FA7C /* GoogleService-Info.plist */,
				7D79196C2A453C3B0080FA7C /* Extensions */,
				7D7919692A45380F0080FA7C /* Views */,
				7D7919632A45366A0080FA7C /* ViewModels */,
				7D7919622A4536640080FA7C /* Models */,
				7D7919382A4536540080FA7C /* EDTSEventPlannerApp.swift */,
				7D79193A2A4536540080FA7C /* ContentView.swift */,
				7D79193C2A4536560080FA7C /* Assets.xcassets */,
				7D79193E2A4536560080FA7C /* Preview Content */,
			);
			path = EDTSEventPlanner;
			sourceTree = "<group>";
		};
		7D79193E2A4536560080FA7C /* Preview Content */ = {
			isa = PBXGroup;
			children = (
				7D79193F2A4536560080FA7C /* Preview Assets.xcassets */,
			);
			path = "Preview Content";
			sourceTree = "<group>";
		};
		7D7919482A4536560080FA7C /* EDTSEventPlannerTests */ = {
			isa = PBXGroup;
			children = (
				7D7919492A4536560080FA7C /* EDTSEventPlannerTests.swift */,
			);
			path = EDTSEventPlannerTests;
			sourceTree = "<group>";
		};
		7D7919522A4536560080FA7C /* EDTSEventPlannerUITests */ = {
			isa = PBXGroup;
			children = (
				7D7919532A4536560080FA7C /* EDTSEventPlannerUITests.swift */,
				7D7919552A4536560080FA7C /* EDTSEventPlannerUITestsLaunchTests.swift */,
			);
			path = EDTSEventPlannerUITests;
			sourceTree = "<group>";
		};
		7D7919622A4536640080FA7C /* Models */ = {
			isa = PBXGroup;
			children = (
				7D7919892A455FAD0080FA7C /* EventsContainer.xcdatamodeld */,
			);
			path = Models;
			sourceTree = "<group>";
		};
		7D7919632A45366A0080FA7C /* ViewModels */ = {
			isa = PBXGroup;
			children = (
				7D7919852A4558170080FA7C /* EventViewModel.swift */,
				7DBF0B6D2A46969200512840 /* LanguageViewModel.swift */,
				7DBF0B762A4744A300512840 /* AuthViewModel.swift */,
			);
			path = ViewModels;
			sourceTree = "<group>";
		};
		7D7919692A45380F0080FA7C /* Views */ = {
			isa = PBXGroup;
			children = (
				7DABCDF82A45AD3F001D58ED /* Components */,
				7D79196A2A4538420080FA7C /* LoginView.swift */,
				7D79196F2A45400F0080FA7C /* RegisterView.swift */,
				7D7919712A4540BB0080FA7C /* AuthView.swift */,
				7D79197C2A4552710080FA7C /* ProfileView.swift */,
				7D79197F2A45554F0080FA7C /* HomeView.swift */,
				7D79198C2A45645F0080FA7C /* CreateEventView.swift */,
			);
			path = Views;
			sourceTree = "<group>";
		};
		7D79196C2A453C3B0080FA7C /* Extensions */ = {
			isa = PBXGroup;
			children = (
				7D79196D2A453C4D0080FA7C /* String.swift */,
				7DBF0B722A46CD5F00512840 /* Color.swift */,
			);
			path = Extensions;
			sourceTree = "<group>";
		};
		7DABCDF82A45AD3F001D58ED /* Components */ = {
			isa = PBXGroup;
			children = (
				7D7919872A4559460080FA7C /* EventCardView.swift */,
				7D79198E2A4564B20080FA7C /* ImagePickerView.swift */,
				7DABCDFB2A45ADAB001D58ED /* PullDownView.swift */,
			);
			path = Components;
			sourceTree = "<group>";
		};
		7DBF0B662A4694F300512840 /* Accesibility */ = {
			isa = PBXGroup;
			children = (
				7DBF0B6B2A46954800512840 /* Localizable.strings */,
			);
			path = Accesibility;
			sourceTree = "<group>";
		};
		7DBF0B6F2A469D0700512840 /* Enum */ = {
			isa = PBXGroup;
			children = (
				7DBF0B702A469D1400512840 /* Language.swift */,
			);
			path = Enum;
			sourceTree = "<group>";
		};
/* End PBXGroup section */

/* Begin PBXNativeTarget section */
		7D7919342A4536540080FA7C /* EDTSEventPlanner */ = {
			isa = PBXNativeTarget;
			buildConfigurationList = 7D7919592A4536560080FA7C /* Build configuration list for PBXNativeTarget "EDTSEventPlanner" */;
			buildPhases = (
				7D7919312A4536540080FA7C /* Sources */,
				7D7919322A4536540080FA7C /* Frameworks */,
				7D7919332A4536540080FA7C /* Resources */,
			);
			buildRules = (
			);
			dependencies = (
			);
			name = EDTSEventPlanner;
			packageProductDependencies = (
				7D7919762A45471D0080FA7C /* FirebaseAuth */,
				7D7919782A45471D0080FA7C /* FirebaseFirestore */,
			);
			productName = EDTSEventPlanner;
			productReference = 7D7919352A4536540080FA7C /* EDTSEventPlanner.app */;
			productType = "com.apple.product-type.application";
		};
		7D7919442A4536560080FA7C /* EDTSEventPlannerTests */ = {
			isa = PBXNativeTarget;
			buildConfigurationList = 7D79195C2A4536560080FA7C /* Build configuration list for PBXNativeTarget "EDTSEventPlannerTests" */;
			buildPhases = (
				7D7919412A4536560080FA7C /* Sources */,
				7D7919422A4536560080FA7C /* Frameworks */,
				7D7919432A4536560080FA7C /* Resources */,
			);
			buildRules = (
			);
			dependencies = (
				7D7919472A4536560080FA7C /* PBXTargetDependency */,
			);
			name = EDTSEventPlannerTests;
			productName = EDTSEventPlannerTests;
			productReference = 7D7919452A4536560080FA7C /* EDTSEventPlannerTests.xctest */;
			productType = "com.apple.product-type.bundle.unit-test";
		};
		7D79194E2A4536560080FA7C /* EDTSEventPlannerUITests */ = {
			isa = PBXNativeTarget;
			buildConfigurationList = 7D79195F2A4536560080FA7C /* Build configuration list for PBXNativeTarget "EDTSEventPlannerUITests" */;
			buildPhases = (
				7D79194B2A4536560080FA7C /* Sources */,
				7D79194C2A4536560080FA7C /* Frameworks */,
				7D79194D2A4536560080FA7C /* Resources */,
			);
			buildRules = (
			);
			dependencies = (
				7D7919512A4536560080FA7C /* PBXTargetDependency */,
			);
			name = EDTSEventPlannerUITests;
			productName = EDTSEventPlannerUITests;
			productReference = 7D79194F2A4536560080FA7C /* EDTSEventPlannerUITests.xctest */;
			productType = "com.apple.product-type.bundle.ui-testing";
		};
/* End PBXNativeTarget section */

/* Begin PBXProject section */
		7D79192D2A4536540080FA7C /* Project object */ = {
			isa = PBXProject;
			attributes = {
				BuildIndependentTargetsInParallel = 1;
				LastSwiftUpdateCheck = 1430;
				LastUpgradeCheck = 1430;
				TargetAttributes = {
					7D7919342A4536540080FA7C = {
						CreatedOnToolsVersion = 14.3.1;
					};
					7D7919442A4536560080FA7C = {
						CreatedOnToolsVersion = 14.3.1;
						TestTargetID = 7D7919342A4536540080FA7C;
					};
					7D79194E2A4536560080FA7C = {
						CreatedOnToolsVersion = 14.3.1;
						TestTargetID = 7D7919342A4536540080FA7C;
					};
				};
			};
			buildConfigurationList = 7D7919302A4536540080FA7C /* Build configuration list for PBXProject "EDTSEventPlanner" */;
			compatibilityVersion = "Xcode 14.0";
			developmentRegion = en;
			hasScannedForEncodings = 0;
			knownRegions = (
				en,
				Base,
				id,
			);
			mainGroup = 7D79192C2A4536540080FA7C;
			packageReferences = (
				7D7919752A45471D0080FA7C /* XCRemoteSwiftPackageReference "firebase-ios-sdk" */,
			);
			productRefGroup = 7D7919362A4536540080FA7C /* Products */;
			projectDirPath = "";
			projectRoot = "";
			targets = (
				7D7919342A4536540080FA7C /* EDTSEventPlanner */,
				7D7919442A4536560080FA7C /* EDTSEventPlannerTests */,
				7D79194E2A4536560080FA7C /* EDTSEventPlannerUITests */,
			);
		};
/* End PBXProject section */

/* Begin PBXResourcesBuildPhase section */
		7D7919332A4536540080FA7C /* Resources */ = {
			isa = PBXResourcesBuildPhase;
			buildActionMask = 2147483647;
			files = (
				7D7919402A4536560080FA7C /* Preview Assets.xcassets in Resources */,
				7DBF0B692A46954800512840 /* Localizable.strings in Resources */,
				7D79193D2A4536560080FA7C /* Assets.xcassets in Resources */,
				7D7919742A4545BD0080FA7C /* GoogleService-Info.plist in Resources */,
			);
			runOnlyForDeploymentPostprocessing = 0;
		};
		7D7919432A4536560080FA7C /* Resources */ = {
			isa = PBXResourcesBuildPhase;
			buildActionMask = 2147483647;
			files = (
			);
			runOnlyForDeploymentPostprocessing = 0;
		};
		7D79194D2A4536560080FA7C /* Resources */ = {
			isa = PBXResourcesBuildPhase;
			buildActionMask = 2147483647;
			files = (
			);
			runOnlyForDeploymentPostprocessing = 0;
		};
/* End PBXResourcesBuildPhase section */

/* Begin PBXSourcesBuildPhase section */
		7D7919312A4536540080FA7C /* Sources */ = {
			isa = PBXSourcesBuildPhase;
			buildActionMask = 2147483647;
			files = (
				7D7919802A45554F0080FA7C /* HomeView.swift in Sources */,
				7D79197D2A4552710080FA7C /* ProfileView.swift in Sources */,
				7DBF0B6E2A46969200512840 /* LanguageViewModel.swift in Sources */,
				7D79196B2A4538420080FA7C /* LoginView.swift in Sources */,
				7D7919862A4558170080FA7C /* EventViewModel.swift in Sources */,
				7D79198F2A4564B20080FA7C /* ImagePickerView.swift in Sources */,
				7D7919702A45400F0080FA7C /* RegisterView.swift in Sources */,
				7DBF0B712A469D1400512840 /* Language.swift in Sources */,
				7DBF0B772A4744A300512840 /* AuthViewModel.swift in Sources */,
				7D79198D2A45645F0080FA7C /* CreateEventView.swift in Sources */,
				7D7919882A4559460080FA7C /* EventCardView.swift in Sources */,
				7D7919722A4540BB0080FA7C /* AuthView.swift in Sources */,
				7D79198B2A455FAD0080FA7C /* EventsContainer.xcdatamodeld in Sources */,
				7D79193B2A4536540080FA7C /* ContentView.swift in Sources */,
				7DABCDFC2A45ADAB001D58ED /* PullDownView.swift in Sources */,
				7D79196E2A453C4D0080FA7C /* String.swift in Sources */,
				7D7919392A4536540080FA7C /* EDTSEventPlannerApp.swift in Sources */,
				7DBF0B732A46CD5F00512840 /* Color.swift in Sources */,
			);
			runOnlyForDeploymentPostprocessing = 0;
		};
		7D7919412A4536560080FA7C /* Sources */ = {
			isa = PBXSourcesBuildPhase;
			buildActionMask = 2147483647;
			files = (
				7D79194A2A4536560080FA7C /* EDTSEventPlannerTests.swift in Sources */,
			);
			runOnlyForDeploymentPostprocessing = 0;
		};
		7D79194B2A4536560080FA7C /* Sources */ = {
			isa = PBXSourcesBuildPhase;
			buildActionMask = 2147483647;
			files = (
				7D7919562A4536560080FA7C /* EDTSEventPlannerUITestsLaunchTests.swift in Sources */,
				7D7919542A4536560080FA7C /* EDTSEventPlannerUITests.swift in Sources */,
			);
			runOnlyForDeploymentPostprocessing = 0;
		};
/* End PBXSourcesBuildPhase section */

/* Begin PBXTargetDependency section */
		7D7919472A4536560080FA7C /* PBXTargetDependency */ = {
			isa = PBXTargetDependency;
			target = 7D7919342A4536540080FA7C /* EDTSEventPlanner */;
			targetProxy = 7D7919462A4536560080FA7C /* PBXContainerItemProxy */;
		};
		7D7919512A4536560080FA7C /* PBXTargetDependency */ = {
			isa = PBXTargetDependency;
			target = 7D7919342A4536540080FA7C /* EDTSEventPlanner */;
			targetProxy = 7D7919502A4536560080FA7C /* PBXContainerItemProxy */;
		};
/* End PBXTargetDependency section */

/* Begin PBXVariantGroup section */
		7DBF0B6B2A46954800512840 /* Localizable.strings */ = {
			isa = PBXVariantGroup;
			children = (
				7DBF0B6A2A46954800512840 /* en */,
				7DBF0B6C2A46956600512840 /* id */,
			);
			name = Localizable.strings;
			sourceTree = "<group>";
		};
/* End PBXVariantGroup section */

/* Begin XCBuildConfiguration section */
		7D7919572A4536560080FA7C /* Debug */ = {
			isa = XCBuildConfiguration;
			buildSettings = {
				ALWAYS_SEARCH_USER_PATHS = NO;
				CLANG_ANALYZER_NONNULL = YES;
				CLANG_ANALYZER_NUMBER_OBJECT_CONVERSION = YES_AGGRESSIVE;
				CLANG_CXX_LANGUAGE_STANDARD = "gnu++20";
				CLANG_ENABLE_MODULES = YES;
				CLANG_ENABLE_OBJC_ARC = YES;
				CLANG_ENABLE_OBJC_WEAK = YES;
				CLANG_WARN_BLOCK_CAPTURE_AUTORELEASING = YES;
				CLANG_WARN_BOOL_CONVERSION = YES;
				CLANG_WARN_COMMA = YES;
				CLANG_WARN_CONSTANT_CONVERSION = YES;
				CLANG_WARN_DEPRECATED_OBJC_IMPLEMENTATIONS = YES;
				CLANG_WARN_DIRECT_OBJC_ISA_USAGE = YES_ERROR;
				CLANG_WARN_DOCUMENTATION_COMMENTS = YES;
				CLANG_WARN_EMPTY_BODY = YES;
				CLANG_WARN_ENUM_CONVERSION = YES;
				CLANG_WARN_INFINITE_RECURSION = YES;
				CLANG_WARN_INT_CONVERSION = YES;
				CLANG_WARN_NON_LITERAL_NULL_CONVERSION = YES;
				CLANG_WARN_OBJC_IMPLICIT_RETAIN_SELF = YES;
				CLANG_WARN_OBJC_LITERAL_CONVERSION = YES;
				CLANG_WARN_OBJC_ROOT_CLASS = YES_ERROR;
				CLANG_WARN_QUOTED_INCLUDE_IN_FRAMEWORK_HEADER = YES;
				CLANG_WARN_RANGE_LOOP_ANALYSIS = YES;
				CLANG_WARN_STRICT_PROTOTYPES = YES;
				CLANG_WARN_SUSPICIOUS_MOVE = YES;
				CLANG_WARN_UNGUARDED_AVAILABILITY = YES_AGGRESSIVE;
				CLANG_WARN_UNREACHABLE_CODE = YES;
				CLANG_WARN__DUPLICATE_METHOD_MATCH = YES;
				COPY_PHASE_STRIP = NO;
				DEBUG_INFORMATION_FORMAT = dwarf;
				ENABLE_STRICT_OBJC_MSGSEND = YES;
				ENABLE_TESTABILITY = YES;
				GCC_C_LANGUAGE_STANDARD = gnu11;
				GCC_DYNAMIC_NO_PIC = NO;
				GCC_NO_COMMON_BLOCKS = YES;
				GCC_OPTIMIZATION_LEVEL = 0;
				GCC_PREPROCESSOR_DEFINITIONS = (
					"DEBUG=1",
					"$(inherited)",
				);
				GCC_WARN_64_TO_32_BIT_CONVERSION = YES;
				GCC_WARN_ABOUT_RETURN_TYPE = YES_ERROR;
				GCC_WARN_UNDECLARED_SELECTOR = YES;
				GCC_WARN_UNINITIALIZED_AUTOS = YES_AGGRESSIVE;
				GCC_WARN_UNUSED_FUNCTION = YES;
				GCC_WARN_UNUSED_VARIABLE = YES;
				IPHONEOS_DEPLOYMENT_TARGET = 16.4;
				MTL_ENABLE_DEBUG_INFO = INCLUDE_SOURCE;
				MTL_FAST_MATH = YES;
				ONLY_ACTIVE_ARCH = YES;
				SDKROOT = iphoneos;
				SWIFT_ACTIVE_COMPILATION_CONDITIONS = DEBUG;
				SWIFT_OPTIMIZATION_LEVEL = "-Onone";
			};
			name = Debug;
		};
		7D7919582A4536560080FA7C /* Release */ = {
			isa = XCBuildConfiguration;
			buildSettings = {
				ALWAYS_SEARCH_USER_PATHS = NO;
				CLANG_ANALYZER_NONNULL = YES;
				CLANG_ANALYZER_NUMBER_OBJECT_CONVERSION = YES_AGGRESSIVE;
				CLANG_CXX_LANGUAGE_STANDARD = "gnu++20";
				CLANG_ENABLE_MODULES = YES;
				CLANG_ENABLE_OBJC_ARC = YES;
				CLANG_ENABLE_OBJC_WEAK = YES;
				CLANG_WARN_BLOCK_CAPTURE_AUTORELEASING = YES;
				CLANG_WARN_BOOL_CONVERSION = YES;
				CLANG_WARN_COMMA = YES;
				CLANG_WARN_CONSTANT_CONVERSION = YES;
				CLANG_WARN_DEPRECATED_OBJC_IMPLEMENTATIONS = YES;
				CLANG_WARN_DIRECT_OBJC_ISA_USAGE = YES_ERROR;
				CLANG_WARN_DOCUMENTATION_COMMENTS = YES;
				CLANG_WARN_EMPTY_BODY = YES;
				CLANG_WARN_ENUM_CONVERSION = YES;
				CLANG_WARN_INFINITE_RECURSION = YES;
				CLANG_WARN_INT_CONVERSION = YES;
				CLANG_WARN_NON_LITERAL_NULL_CONVERSION = YES;
				CLANG_WARN_OBJC_IMPLICIT_RETAIN_SELF = YES;
				CLANG_WARN_OBJC_LITERAL_CONVERSION = YES;
				CLANG_WARN_OBJC_ROOT_CLASS = YES_ERROR;
				CLANG_WARN_QUOTED_INCLUDE_IN_FRAMEWORK_HEADER = YES;
				CLANG_WARN_RANGE_LOOP_ANALYSIS = YES;
				CLANG_WARN_STRICT_PROTOTYPES = YES;
				CLANG_WARN_SUSPICIOUS_MOVE = YES;
				CLANG_WARN_UNGUARDED_AVAILABILITY = YES_AGGRESSIVE;
				CLANG_WARN_UNREACHABLE_CODE = YES;
				CLANG_WARN__DUPLICATE_METHOD_MATCH = YES;
				COPY_PHASE_STRIP = NO;
				DEBUG_INFORMATION_FORMAT = "dwarf-with-dsym";
				ENABLE_NS_ASSERTIONS = NO;
				ENABLE_STRICT_OBJC_MSGSEND = YES;
				GCC_C_LANGUAGE_STANDARD = gnu11;
				GCC_NO_COMMON_BLOCKS = YES;
				GCC_WARN_64_TO_32_BIT_CONVERSION = YES;
				GCC_WARN_ABOUT_RETURN_TYPE = YES_ERROR;
				GCC_WARN_UNDECLARED_SELECTOR = YES;
				GCC_WARN_UNINITIALIZED_AUTOS = YES_AGGRESSIVE;
				GCC_WARN_UNUSED_FUNCTION = YES;
				GCC_WARN_UNUSED_VARIABLE = YES;
				IPHONEOS_DEPLOYMENT_TARGET = 16.4;
				MTL_ENABLE_DEBUG_INFO = NO;
				MTL_FAST_MATH = YES;
				SDKROOT = iphoneos;
				SWIFT_COMPILATION_MODE = wholemodule;
				SWIFT_OPTIMIZATION_LEVEL = "-O";
				VALIDATE_PRODUCT = YES;
			};
			name = Release;
		};
		7D79195A2A4536560080FA7C /* Debug */ = {
			isa = XCBuildConfiguration;
			buildSettings = {
				ASSETCATALOG_COMPILER_APPICON_NAME = AppIcon;
				ASSETCATALOG_COMPILER_GLOBAL_ACCENT_COLOR_NAME = AccentColor;
				CODE_SIGN_STYLE = Automatic;
				CURRENT_PROJECT_VERSION = 1;
				DEVELOPMENT_ASSET_PATHS = "\"EDTSEventPlanner/Preview Content\"";
				DEVELOPMENT_TEAM = 59BDH3ZGPX;
				ENABLE_PREVIEWS = YES;
				GENERATE_INFOPLIST_FILE = YES;
				INFOPLIST_KEY_UIApplicationSceneManifest_Generation = YES;
				INFOPLIST_KEY_UIApplicationSupportsIndirectInputEvents = YES;
				INFOPLIST_KEY_UILaunchScreen_Generation = YES;
				INFOPLIST_KEY_UISupportedInterfaceOrientations_iPad = "UIInterfaceOrientationPortrait UIInterfaceOrientationPortraitUpsideDown UIInterfaceOrientationLandscapeLeft UIInterfaceOrientationLandscapeRight";
				INFOPLIST_KEY_UISupportedInterfaceOrientations_iPhone = "UIInterfaceOrientationPortrait UIInterfaceOrientationLandscapeLeft UIInterfaceOrientationLandscapeRight";
				LD_RUNPATH_SEARCH_PATHS = (
					"$(inherited)",
					"@executable_path/Frameworks",
				);
				MARKETING_VERSION = 1.0;
				PRODUCT_BUNDLE_IDENTIFIER = Testing.EDTSEventPlanner;
				PRODUCT_NAME = "$(TARGET_NAME)";
				SWIFT_EMIT_LOC_STRINGS = YES;
				SWIFT_VERSION = 5.0;
				TARGETED_DEVICE_FAMILY = "1,2";
			};
			name = Debug;
		};
		7D79195B2A4536560080FA7C /* Release */ = {
			isa = XCBuildConfiguration;
			buildSettings = {
				ASSETCATALOG_COMPILER_APPICON_NAME = AppIcon;
				ASSETCATALOG_COMPILER_GLOBAL_ACCENT_COLOR_NAME = AccentColor;
				CODE_SIGN_STYLE = Automatic;
				CURRENT_PROJECT_VERSION = 1;
				DEVELOPMENT_ASSET_PATHS = "\"EDTSEventPlanner/Preview Content\"";
				DEVELOPMENT_TEAM = 59BDH3ZGPX;
				ENABLE_PREVIEWS = YES;
				GENERATE_INFOPLIST_FILE = YES;
				INFOPLIST_KEY_UIApplicationSceneManifest_Generation = YES;
				INFOPLIST_KEY_UIApplicationSupportsIndirectInputEvents = YES;
				INFOPLIST_KEY_UILaunchScreen_Generation = YES;
				INFOPLIST_KEY_UISupportedInterfaceOrientations_iPad = "UIInterfaceOrientationPortrait UIInterfaceOrientationPortraitUpsideDown UIInterfaceOrientationLandscapeLeft UIInterfaceOrientationLandscapeRight";
				INFOPLIST_KEY_UISupportedInterfaceOrientations_iPhone = "UIInterfaceOrientationPortrait UIInterfaceOrientationLandscapeLeft UIInterfaceOrientationLandscapeRight";
				LD_RUNPATH_SEARCH_PATHS = (
					"$(inherited)",
					"@executable_path/Frameworks",
				);
				MARKETING_VERSION = 1.0;
				PRODUCT_BUNDLE_IDENTIFIER = Testing.EDTSEventPlanner;
				PRODUCT_NAME = "$(TARGET_NAME)";
				SWIFT_EMIT_LOC_STRINGS = YES;
				SWIFT_VERSION = 5.0;
				TARGETED_DEVICE_FAMILY = "1,2";
			};
			name = Release;
		};
		7D79195D2A4536560080FA7C /* Debug */ = {
			isa = XCBuildConfiguration;
			buildSettings = {
				ALWAYS_EMBED_SWIFT_STANDARD_LIBRARIES = YES;
				BUNDLE_LOADER = "$(TEST_HOST)";
				CODE_SIGN_STYLE = Automatic;
				CURRENT_PROJECT_VERSION = 1;
				DEVELOPMENT_TEAM = 59BDH3ZGPX;
				GENERATE_INFOPLIST_FILE = YES;
				IPHONEOS_DEPLOYMENT_TARGET = 16.4;
				MARKETING_VERSION = 1.0;
				PRODUCT_BUNDLE_IDENTIFIER = Testing.EDTSEventPlannerTests;
				PRODUCT_NAME = "$(TARGET_NAME)";
				SWIFT_EMIT_LOC_STRINGS = NO;
				SWIFT_VERSION = 5.0;
				TARGETED_DEVICE_FAMILY = "1,2";
				TEST_HOST = "$(BUILT_PRODUCTS_DIR)/EDTSEventPlanner.app/$(BUNDLE_EXECUTABLE_FOLDER_PATH)/EDTSEventPlanner";
			};
			name = Debug;
		};
		7D79195E2A4536560080FA7C /* Release */ = {
			isa = XCBuildConfiguration;
			buildSettings = {
				ALWAYS_EMBED_SWIFT_STANDARD_LIBRARIES = YES;
				BUNDLE_LOADER = "$(TEST_HOST)";
				CODE_SIGN_STYLE = Automatic;
				CURRENT_PROJECT_VERSION = 1;
				DEVELOPMENT_TEAM = 59BDH3ZGPX;
				GENERATE_INFOPLIST_FILE = YES;
				IPHONEOS_DEPLOYMENT_TARGET = 16.4;
				MARKETING_VERSION = 1.0;
				PRODUCT_BUNDLE_IDENTIFIER = Testing.EDTSEventPlannerTests;
				PRODUCT_NAME = "$(TARGET_NAME)";
				SWIFT_EMIT_LOC_STRINGS = NO;
				SWIFT_VERSION = 5.0;
				TARGETED_DEVICE_FAMILY = "1,2";
				TEST_HOST = "$(BUILT_PRODUCTS_DIR)/EDTSEventPlanner.app/$(BUNDLE_EXECUTABLE_FOLDER_PATH)/EDTSEventPlanner";
			};
			name = Release;
		};
		7D7919602A4536560080FA7C /* Debug */ = {
			isa = XCBuildConfiguration;
			buildSettings = {
				ALWAYS_EMBED_SWIFT_STANDARD_LIBRARIES = YES;
				CODE_SIGN_STYLE = Automatic;
				CURRENT_PROJECT_VERSION = 1;
				DEVELOPMENT_TEAM = 59BDH3ZGPX;
				GENERATE_INFOPLIST_FILE = YES;
				MARKETING_VERSION = 1.0;
				PRODUCT_BUNDLE_IDENTIFIER = Testing.EDTSEventPlannerUITests;
				PRODUCT_NAME = "$(TARGET_NAME)";
				SWIFT_EMIT_LOC_STRINGS = NO;
				SWIFT_VERSION = 5.0;
				TARGETED_DEVICE_FAMILY = "1,2";
				TEST_TARGET_NAME = EDTSEventPlanner;
			};
			name = Debug;
		};
		7D7919612A4536560080FA7C /* Release */ = {
			isa = XCBuildConfiguration;
			buildSettings = {
				ALWAYS_EMBED_SWIFT_STANDARD_LIBRARIES = YES;
				CODE_SIGN_STYLE = Automatic;
				CURRENT_PROJECT_VERSION = 1;
				DEVELOPMENT_TEAM = 59BDH3ZGPX;
				GENERATE_INFOPLIST_FILE = YES;
				MARKETING_VERSION = 1.0;
				PRODUCT_BUNDLE_IDENTIFIER = Testing.EDTSEventPlannerUITests;
				PRODUCT_NAME = "$(TARGET_NAME)";
				SWIFT_EMIT_LOC_STRINGS = NO;
				SWIFT_VERSION = 5.0;
				TARGETED_DEVICE_FAMILY = "1,2";
				TEST_TARGET_NAME = EDTSEventPlanner;
			};
			name = Release;
		};
/* End XCBuildConfiguration section */

/* Begin XCConfigurationList section */
		7D7919302A4536540080FA7C /* Build configuration list for PBXProject "EDTSEventPlanner" */ = {
			isa = XCConfigurationList;
			buildConfigurations = (
				7D7919572A4536560080FA7C /* Debug */,
				7D7919582A4536560080FA7C /* Release */,
			);
			defaultConfigurationIsVisible = 0;
			defaultConfigurationName = Release;
		};
		7D7919592A4536560080FA7C /* Build configuration list for PBXNativeTarget "EDTSEventPlanner" */ = {
			isa = XCConfigurationList;
			buildConfigurations = (
				7D79195A2A4536560080FA7C /* Debug */,
				7D79195B2A4536560080FA7C /* Release */,
			);
			defaultConfigurationIsVisible = 0;
			defaultConfigurationName = Release;
		};
		7D79195C2A4536560080FA7C /* Build configuration list for PBXNativeTarget "EDTSEventPlannerTests" */ = {
			isa = XCConfigurationList;
			buildConfigurations = (
				7D79195D2A4536560080FA7C /* Debug */,
				7D79195E2A4536560080FA7C /* Release */,
			);
			defaultConfigurationIsVisible = 0;
			defaultConfigurationName = Release;
		};
		7D79195F2A4536560080FA7C /* Build configuration list for PBXNativeTarget "EDTSEventPlannerUITests" */ = {
			isa = XCConfigurationList;
			buildConfigurations = (
				7D7919602A4536560080FA7C /* Debug */,
				7D7919612A4536560080FA7C /* Release */,
			);
			defaultConfigurationIsVisible = 0;
			defaultConfigurationName = Release;
		};
/* End XCConfigurationList section */

/* Begin XCRemoteSwiftPackageReference section */
		7D7919752A45471D0080FA7C /* XCRemoteSwiftPackageReference "firebase-ios-sdk" */ = {
			isa = XCRemoteSwiftPackageReference;
			repositoryURL = "https://github.com/firebase/firebase-ios-sdk";
			requirement = {
				branch = master;
				kind = branch;
			};
		};
/* End XCRemoteSwiftPackageReference section */

/* Begin XCSwiftPackageProductDependency section */
		7D7919762A45471D0080FA7C /* FirebaseAuth */ = {
			isa = XCSwiftPackageProductDependency;
			package = 7D7919752A45471D0080FA7C /* XCRemoteSwiftPackageReference "firebase-ios-sdk" */;
			productName = FirebaseAuth;
		};
		7D7919782A45471D0080FA7C /* FirebaseFirestore */ = {
			isa = XCSwiftPackageProductDependency;
			package = 7D7919752A45471D0080FA7C /* XCRemoteSwiftPackageReference "firebase-ios-sdk" */;
			productName = FirebaseFirestore;
		};
/* End XCSwiftPackageProductDependency section */

/* Begin XCVersionGroup section */
		7D7919892A455FAD0080FA7C /* EventsContainer.xcdatamodeld */ = {
			isa = XCVersionGroup;
			children = (
				7D79198A2A455FAD0080FA7C /* EventsContainer.xcdatamodel */,
			);
			currentVersion = 7D79198A2A455FAD0080FA7C /* EventsContainer.xcdatamodel */;
			path = EventsContainer.xcdatamodeld;
			sourceTree = "<group>";
			versionGroupType = wrapper.xcdatamodel;
		};
/* End XCVersionGroup section */
	};
	rootObject = 7D79192D2A4536540080FA7C /* Project object */;
}
